
Microsoft Visual Studio Solution File, Format Version 12.00
# Visual Studio for Mac
Project("{FAE04EC0-301F-11D3-BF4B-00C04F79EFBC}") = "Shmup", "Shmup.csproj", "{879DB7DC-3B6A-1E0B-518B-D0FD6642957C}"
EndProject
Project("{FAE04EC0-301F-11D3-BF4B-00C04F79EFBC}") = "Shmup.Plugins", "Shmup.Plugins.csproj", "{20E8D224-BDA3-0BAB-F00E-48345139754F}"
EndProject
Project("{FAE04EC0-301F-11D3-BF4B-00C04F79EFBC}") = "Shmup.Editor", "Shmup.Editor.csproj", "{3D29CDE5-D96F-4FA1-64F2-E79A70269DCF}"
EndProject
Global
	GlobalSection(SolutionConfigurationPlatforms) = preSolution
		Debug|Any CPU = Debug|Any CPU
		Release|Any CPU = Release|Any CPU
	EndGlobalSection
	GlobalSection(ProjectConfigurationPlatforms) = postSolution
		{879DB7DC-3B6A-1E0B-518B-D0FD6642957C}.Debug|Any CPU.ActiveCfg = Debug|Any CPU
		{879DB7DC-3B6A-1E0B-518B-D0FD6642957C}.Debug|Any CPU.Build.0 = Debug|Any CPU
		{879DB7DC-3B6A-1E0B-518B-D0FD6642957C}.Release|Any CPU.ActiveCfg = Release|Any CPU
		{879DB7DC-3B6A-1E0B-518B-D0FD6642957C}.Release|Any CPU.Build.0 = Release|Any CPU
		{20E8D224-BDA3-0BAB-F00E-48345139754F}.Debug|Any CPU.ActiveCfg = Debug|Any CPU
		{20E8D224-BDA3-0BAB-F00E-48345139754F}.Debug|Any CPU.Build.0 = Debug|Any CPU
		{20E8D224-BDA3-0BAB-F00E-48345139754F}.Release|Any CPU.ActiveCfg = Release|Any CPU
		{20E8D224-BDA3-0BAB-F00E-48345139754F}.Release|Any CPU.Build.0 = Release|Any CPU
		{3D29CDE5-D96F-4FA1-64F2-E79A70269DCF}.Debug|Any CPU.ActiveCfg = Debug|Any CPU
		{3D29CDE5-D96F-4FA1-64F2-E79A70269DCF}.Debug|Any CPU.Build.0 = Debug|Any CPU
		{3D29CDE5-D96F-4FA1-64F2-E79A70269DCF}.Release|Any CPU.ActiveCfg = Release|Any CPU
		{3D29CDE5-D96F-4FA1-64F2-E79A70269DCF}.Release|Any CPU.Build.0 = Release|Any CPU
	EndGlobalSection
	GlobalSection(SolutionProperties) = preSolution
		HideSolutionNode = FALSE
	EndGlobalSection
EndGlobal
